
Microsoft Visual Studio Solution File, Format Version 12.00
# Visual Studio Version 16
VisualStudioVersion = 16.0.29709.97
MinimumVisualStudioVersion = 10.0.40219.1
Project("{FAE04EC0-301F-11D3-BF4B-00C04F79EFBC}") = "MultaPeixe", "MultaPeixe\MultaPeixe.csproj", "{1EC7451C-2317-4AF9-B56D-320E2E69199B}"
EndProject
Global
	GlobalSection(SolutionConfigurationPlatforms) = preSolution
		Debug|Any CPU = Debug|Any CPU
		Release|Any CPU = Release|Any CPU
	EndGlobalSection
	GlobalSection(ProjectConfigurationPlatforms) = postSolution
		{1EC7451C-2317-4AF9-B56D-320E2E69199B}.Debug|Any CPU.ActiveCfg = Debug|Any CPU
		{1EC7451C-2317-4AF9-B56D-320E2E69199B}.Debug|Any CPU.Build.0 = Debug|Any CPU
		{1EC7451C-2317-4AF9-B56D-320E2E69199B}.Release|Any CPU.ActiveCfg = Release|Any CPU
		{1EC7451C-2317-4AF9-B56D-320E2E69199B}.Release|Any CPU.Build.0 = Release|Any CPU
	EndGlobalSection
	GlobalSection(SolutionProperties) = preSolution
		HideSolutionNode = FALSE
	EndGlobalSection
	GlobalSection(ExtensibilityGlobals) = postSolution
		SolutionGuid = {38EF056F-F0ED-437D-98CD-6622E69D7390}
	EndGlobalSection
EndGlobal
