
Microsoft Visual Studio Solution File, Format Version 12.00
# Visual Studio Version 16
VisualStudioVersion = 16.0.29709.97
MinimumVisualStudioVersion = 10.0.40219.1
Project("{FAE04EC0-301F-11D3-BF4B-00C04F79EFBC}") = "EstruturaSE", "EstruturaSE\EstruturaSE.csproj", "{0874C8CB-9A55-40B3-BB0B-84E7A881B454}"
EndProject
Global
	GlobalSection(SolutionConfigurationPlatforms) = preSolution
		Debug|Any CPU = Debug|Any CPU
		Release|Any CPU = Release|Any CPU
	EndGlobalSection
	GlobalSection(ProjectConfigurationPlatforms) = postSolution
		{0874C8CB-9A55-40B3-BB0B-84E7A881B454}.Debug|Any CPU.ActiveCfg = Debug|Any CPU
		{0874C8CB-9A55-40B3-BB0B-84E7A881B454}.Debug|Any CPU.Build.0 = Debug|Any CPU
		{0874C8CB-9A55-40B3-BB0B-84E7A881B454}.Release|Any CPU.ActiveCfg = Release|Any CPU
		{0874C8CB-9A55-40B3-BB0B-84E7A881B454}.Release|Any CPU.Build.0 = Release|Any CPU
	EndGlobalSection
	GlobalSection(SolutionProperties) = preSolution
		HideSolutionNode = FALSE
	EndGlobalSection
	GlobalSection(ExtensibilityGlobals) = postSolution
		SolutionGuid = {E29488BA-0AAC-4DD0-B879-9C1C4EFF1CD2}
	EndGlobalSection
EndGlobal
