
Microsoft Visual Studio Solution File, Format Version 12.00
# Visual Studio Version 17
VisualStudioVersion = 17.0.31919.166
MinimumVisualStudioVersion = 10.0.40219.1
Project("{FAE04EC0-301F-11D3-BF4B-00C04F79EFBC}") = "ExemploFormularioMDI", "ExemploFormularioMDI\ExemploFormularioMDI.csproj", "{5731AF47-A91B-4F8E-AF4F-CA713B834875}"
EndProject
Global
	GlobalSection(SolutionConfigurationPlatforms) = preSolution
		Debug|Any CPU = Debug|Any CPU
		Release|Any CPU = Release|Any CPU
	EndGlobalSection
	GlobalSection(ProjectConfigurationPlatforms) = postSolution
		{5731AF47-A91B-4F8E-AF4F-CA713B834875}.Debug|Any CPU.ActiveCfg = Debug|Any CPU
		{5731AF47-A91B-4F8E-AF4F-CA713B834875}.Debug|Any CPU.Build.0 = Debug|Any CPU
		{5731AF47-A91B-4F8E-AF4F-CA713B834875}.Release|Any CPU.ActiveCfg = Release|Any CPU
		{5731AF47-A91B-4F8E-AF4F-CA713B834875}.Release|Any CPU.Build.0 = Release|Any CPU
	EndGlobalSection
	GlobalSection(SolutionProperties) = preSolution
		HideSolutionNode = FALSE
	EndGlobalSection
	GlobalSection(ExtensibilityGlobals) = postSolution
		SolutionGuid = {5AFAE171-BC2F-4955-9F8A-C739090236B0}
	EndGlobalSection
EndGlobal
