
Microsoft Visual Studio Solution File, Format Version 12.00
# Visual Studio Version 16
VisualStudioVersion = 16.0.30503.244
MinimumVisualStudioVersion = 10.0.40219.1
Project("{FAE04EC0-301F-11D3-BF4B-00C04F79EFBC}") = "ExemploOrientacao", "ExemploOrientacao\ExemploOrientacao.csproj", "{CFB57614-8E27-49B8-9BFA-66BABC2888A5}"
EndProject
Global
	GlobalSection(SolutionConfigurationPlatforms) = preSolution
		Debug|Any CPU = Debug|Any CPU
		Release|Any CPU = Release|Any CPU
	EndGlobalSection
	GlobalSection(ProjectConfigurationPlatforms) = postSolution
		{CFB57614-8E27-49B8-9BFA-66BABC2888A5}.Debug|Any CPU.ActiveCfg = Debug|Any CPU
		{CFB57614-8E27-49B8-9BFA-66BABC2888A5}.Debug|Any CPU.Build.0 = Debug|Any CPU
		{CFB57614-8E27-49B8-9BFA-66BABC2888A5}.Release|Any CPU.ActiveCfg = Release|Any CPU
		{CFB57614-8E27-49B8-9BFA-66BABC2888A5}.Release|Any CPU.Build.0 = Release|Any CPU
	EndGlobalSection
	GlobalSection(SolutionProperties) = preSolution
		HideSolutionNode = FALSE
	EndGlobalSection
	GlobalSection(ExtensibilityGlobals) = postSolution
		SolutionGuid = {25F5E194-0A94-4FA7-A6E9-00379EBD4FBE}
	EndGlobalSection
EndGlobal
